
Microsoft Visual Studio Solution File, Format Version 11.00
# Visual Studio 2010
Project("{FAE04EC0-301F-11D3-BF4B-00C04F79EFBC}") = "build-pipeline", "build-pipeline.csproj", "{61786E10-05BF-4EE1-8ABB-8A643F042202}"
EndProject
Global
	GlobalSection(SolutionConfigurationPlatforms) = preSolution
		Debug|Any CPU = Debug|Any CPU
		Release|Any CPU = Release|Any CPU
	EndGlobalSection
	GlobalSection(ProjectConfigurationPlatforms) = postSolution
		{61786E10-05BF-4EE1-8ABB-8A643F042202}.Debug|Any CPU.ActiveCfg = Debug|Any CPU
		{61786E10-05BF-4EE1-8ABB-8A643F042202}.Debug|Any CPU.Build.0 = Debug|Any CPU
		{61786E10-05BF-4EE1-8ABB-8A643F042202}.Release|Any CPU.ActiveCfg = Release|Any CPU
		{61786E10-05BF-4EE1-8ABB-8A643F042202}.Release|Any CPU.Build.0 = Release|Any CPU
	EndGlobalSection
	GlobalSection(SolutionProperties) = preSolution
		HideSolutionNode = FALSE
	EndGlobalSection
EndGlobal
